
Microsoft Visual Studio Solution File, Format Version 12.00
# Visual Studio Version 17
VisualStudioVersion = 17.5.33424.131
MinimumVisualStudioVersion = 10.0.40219.1
Project("{8BC9CEB8-8B4A-11D0-8D11-00A0C91BC942}") = "kraskal", "kraskal\kraskal.vcxproj", "{8A408F46-ED16-4BB1-B8B6-D0A1CF0A4EEF}"
EndProject
Project("{8BC9CEB8-8B4A-11D0-8D11-00A0C91BC942}") = "prim", "prim\prim.vcxproj", "{27E7C7EE-0D28-4BAE-B8F6-57D75485DAFC}"
EndProject
Global
	GlobalSection(SolutionConfigurationPlatforms) = preSolution
		Debug|x64 = Debug|x64
		Debug|x86 = Debug|x86
		Release|x64 = Release|x64
		Release|x86 = Release|x86
	EndGlobalSection
	GlobalSection(ProjectConfigurationPlatforms) = postSolution
		{8A408F46-ED16-4BB1-B8B6-D0A1CF0A4EEF}.Debug|x64.ActiveCfg = Debug|x64
		{8A408F46-ED16-4BB1-B8B6-D0A1CF0A4EEF}.Debug|x64.Build.0 = Debug|x64
		{8A408F46-ED16-4BB1-B8B6-D0A1CF0A4EEF}.Debug|x86.ActiveCfg = Debug|Win32
		{8A408F46-ED16-4BB1-B8B6-D0A1CF0A4EEF}.Debug|x86.Build.0 = Debug|Win32
		{8A408F46-ED16-4BB1-B8B6-D0A1CF0A4EEF}.Release|x64.ActiveCfg = Release|x64
		{8A408F46-ED16-4BB1-B8B6-D0A1CF0A4EEF}.Release|x64.Build.0 = Release|x64
		{8A408F46-ED16-4BB1-B8B6-D0A1CF0A4EEF}.Release|x86.ActiveCfg = Release|Win32
		{8A408F46-ED16-4BB1-B8B6-D0A1CF0A4EEF}.Release|x86.Build.0 = Release|Win32
		{27E7C7EE-0D28-4BAE-B8F6-57D75485DAFC}.Debug|x64.ActiveCfg = Debug|x64
		{27E7C7EE-0D28-4BAE-B8F6-57D75485DAFC}.Debug|x64.Build.0 = Debug|x64
		{27E7C7EE-0D28-4BAE-B8F6-57D75485DAFC}.Debug|x86.ActiveCfg = Debug|Win32
		{27E7C7EE-0D28-4BAE-B8F6-57D75485DAFC}.Debug|x86.Build.0 = Debug|Win32
		{27E7C7EE-0D28-4BAE-B8F6-57D75485DAFC}.Release|x64.ActiveCfg = Release|x64
		{27E7C7EE-0D28-4BAE-B8F6-57D75485DAFC}.Release|x64.Build.0 = Release|x64
		{27E7C7EE-0D28-4BAE-B8F6-57D75485DAFC}.Release|x86.ActiveCfg = Release|Win32
		{27E7C7EE-0D28-4BAE-B8F6-57D75485DAFC}.Release|x86.Build.0 = Release|Win32
	EndGlobalSection
	GlobalSection(SolutionProperties) = preSolution
		HideSolutionNode = FALSE
	EndGlobalSection
	GlobalSection(ExtensibilityGlobals) = postSolution
		SolutionGuid = {FDE104FA-5B5F-4406-89E1-8CDB8359CAFA}
	EndGlobalSection
EndGlobal
